{
  "version": 4,
  "terraform_version": "1.14.4",
  "serial": 25,
  "lineage": "d64eeccb-34f1-48b6-d6bc-ee75835164e9",
  "outputs": {
    "event_grid_system_topic_id": {
      "value": "/subscriptions/2b9d2cdc-6f68-466a-abc2-9652d5c6dfd6/resourceGroups/ctoa-azureml-poc/providers/Microsoft.EventGrid/systemTopics/ctoaazuremlpoc5615636730-events",
      "type": "string"
    },
    "function_app_integration_subnet_id": {
      "value": "/subscriptions/2b9d2cdc-6f68-466a-abc2-9652d5c6dfd6/resourceGroups/ctoa-azureml-poc/providers/Microsoft.Network/virtualNetworks/ctoa-azureml-poc-workspace-vnet/subnets/default",
      "type": "string"
    },
    "function_app_name": {
      "value": "ctoa-azure-token-rotation",
      "type": "string"
    },
    "key_vault_id": {
      "value": "/subscriptions/2b9d2cdc-6f68-466a-abc2-9652d5c6dfd6/resourceGroups/ctoa-azureml-poc/providers/Microsoft.KeyVault/vaults/ctoaazuremlpoc5615636730",
      "type": "string"
    },
    "key_vault_uri": {
      "value": "https://ctoaazuremlpoc5615636730.vault.azure.net/",
      "type": "string"
    },
    "storage_private_endpoint_subnet_id": {
      "value": "/subscriptions/2b9d2cdc-6f68-466a-abc2-9652d5c6dfd6/resourceGroups/ctoa-azureml-poc/providers/Microsoft.Network/virtualNetworks/ctoa-azureml-poc-workspace-vnet/subnets/default",
      "type": "string"
    },
    "vnet_id": {
      "value": "/subscriptions/2b9d2cdc-6f68-466a-abc2-9652d5c6dfd6/resourceGroups/ctoa-azureml-poc/providers/Microsoft.Network/virtualNetworks/ctoa-azureml-poc-workspace-vnet",
      "type": "string"
    }
  },
  "resources": [
    {
      "mode": "data",
      "type": "azurerm_client_config",
      "name": "current",
      "provider": "provider[\"registry.terraform.io/hashicorp/azurerm\"]",
      "instances": [
        {
          "schema_version": 0,
          "attributes": {
            "client_id": "04b07795-8ddb-461a-bbee-02f9e1bf7b46",
            "id": "Y2xpZW50Q29uZmlncy9jbGllbnRJZD0wNGIwNzc5NS04ZGRiLTQ2MWEtYmJlZS0wMmY5ZTFiZjdiNDY7b2JqZWN0SWQ9MzcyNmZkYWQtMGRmNC00Mjc3LWE3ZWYtMmQwMDgxZmQ2ODM2O3N1YnNjcmlwdGlvbklkPTJiOWQyY2RjLTZmNjgtNDY2YS1hYmMyLTk2NTJkNWM2ZGZkNjt0ZW5hbnRJZD1hZTlkYWI3MC04MGIwLTQ5NzQtYmNlYS1hYzY4M2VkYTUxNmY=",
            "object_id": "3726fdad-0df4-4277-a7ef-2d0081fd6836",
            "subscription_id": "2b9d2cdc-6f68-466a-abc2-9652d5c6dfd6",
            "tenant_id": "ae9dab70-80b0-4974-bcea-ac683eda516f",
            "timeouts": null
          },
          "sensitive_attributes": [],
          "identity_schema_version": 0
        }
      ]
    },
    {
      "mode": "data",
      "type": "azurerm_key_vault",
      "name": "kv",
      "provider": "provider[\"registry.terraform.io/hashicorp/azurerm\"]",
      "instances": [
        {
          "schema_version": 0,
          "attributes": {
            "access_policy": [
              {
                "application_id": "",
                "certificate_permissions": [
                  "Get",
                  "List",
                  "Update",
                  "Create",
                  "Import",
                  "Delete",
                  "Recover",
                  "Backup",
                  "Restore",
                  "ManageContacts",
                  "ManageIssuers",
                  "GetIssuers",
                  "ListIssuers",
                  "SetIssuers",
                  "DeleteIssuers",
                  "Get",
                  "List",
                  "Update",
                  "Create",
                  "Import",
                  "Delete",
                  "Recover",
                  "Backup",
                  "Restore",
                  "ManageContacts",
                  "ManageIssuers",
                  "GetIssuers",
                  "ListIssuers",
                  "SetIssuers",
                  "DeleteIssuers"
                ],
                "key_permissions": [
                  "Get",
                  "List",
                  "Update",
                  "Create",
                  "Import",
                  "Delete",
                  "Recover",
                  "Backup",
                  "Restore",
                  "Decrypt",
                  "Encrypt",
                  "UnwrapKey",
                  "WrapKey",
                  "Verify",
                  "Sign",
                  "Release",
                  "Rotate",
                  "GetRotationPolicy",
                  "SetRotationPolicy",
                  "Get",
                  "List",
                  "Update",
                  "Create",
                  "Import",
                  "Delete",
                  "Recover",
                  "Backup",
                  "Restore",
                  "Decrypt",
                  "Encrypt",
                  "UnwrapKey",
                  "WrapKey",
                  "Verify",
                  "Sign",
                  "Release",
                  "Rotate",
                  "GetRotationPolicy",
                  "SetRotationPolicy"
                ],
                "object_id": "1462c7a9-7a99-4eb3-8930-3ff8ad47a9c6",
                "secret_permissions": [
                  "Get",
                  "List",
                  "Set",
                  "Delete",
                  "Recover",
                  "Backup",
                  "Restore",
                  "Get",
                  "List",
                  "Set",
                  "Delete",
                  "Recover",
                  "Backup",
                  "Restore"
                ],
                "storage_permissions": [],
                "tenant_id": "ae9dab70-80b0-4974-bcea-ac683eda516f"
              },
              {
                "application_id": "",
                "certificate_permissions": [],
                "key_permissions": [
                  "Get",
                  "List",
                  "Update",
                  "Create",
                  "Import",
                  "Delete",
                  "Recover",
                  "Backup",
                  "Restore",
                  "GetRotationPolicy",
                  "SetRotationPolicy",
                  "Rotate"
                ],
                "object_id": "3726fdad-0df4-4277-a7ef-2d0081fd6836",
                "secret_permissions": [
                  "Get",
                  "List",
                  "Set",
                  "Delete",
                  "Recover",
                  "Backup",
                  "Restore"
                ],
                "storage_permissions": [],
                "tenant_id": "ae9dab70-80b0-4974-bcea-ac683eda516f"
              },
              {
                "application_id": "",
                "certificate_permissions": [],
                "key_permissions": [
                  "Get",
                  "List"
                ],
                "object_id": "87e71696-647c-45f6-b5ac-11983ce5120a",
                "secret_permissions": [
                  "Get",
                  "List"
                ],
                "storage_permissions": [],
                "tenant_id": "ae9dab70-80b0-4974-bcea-ac683eda516f"
              },
              {
                "application_id": "",
                "certificate_permissions": [],
                "key_permissions": [
                  "Get",
                  "List"
                ],
                "object_id": "33a8acf2-f219-45bf-9ef7-e0160c2b0c3b",
                "secret_permissions": [
                  "Get",
                  "List"
                ],
                "storage_permissions": [],
                "tenant_id": "ae9dab70-80b0-4974-bcea-ac683eda516f"
              }
            ],
            "enable_rbac_authorization": true,
            "enabled_for_deployment": false,
            "enabled_for_disk_encryption": false,
            "enabled_for_template_deployment": false,
            "id": "/subscriptions/2b9d2cdc-6f68-466a-abc2-9652d5c6dfd6/resourceGroups/ctoa-azureml-poc/providers/Microsoft.KeyVault/vaults/ctoaazuremlpoc5615636730",
            "location": "swedencentral",
            "name": "ctoaazuremlpoc5615636730",
            "network_acls": [
              {
                "bypass": "AzureServices",
                "default_action": "Deny",
                "ip_rules": [
                  "13.127.185.21/32",
                  "34.233.113.191/32",
                  "52.215.237.185/32",
                  "52.9.243.19/32"
                ],
                "virtual_network_subnet_ids": [
                  "/subscriptions/2b9d2cdc-6f68-466a-abc2-9652d5c6dfd6/resourcegroups/ctoa-azureml-poc/providers/microsoft.network/virtualnetworks/ctoa-azureml-poc-workspace-vnet/subnets/default"
                ]
              }
            ],
            "public_network_access_enabled": true,
            "purge_protection_enabled": false,
            "rbac_authorization_enabled": true,
            "resource_group_name": "ctoa-azureml-poc",
            "sku_name": "standard",
            "tags": {
              "Group": "cto",
              "application": "azureml"
            },
            "tenant_id": "ae9dab70-80b0-4974-bcea-ac683eda516f",
            "timeouts": null,
            "vault_uri": "https://ctoaazuremlpoc5615636730.vault.azure.net/"
          },
          "sensitive_attributes": [],
          "identity_schema_version": 0
        }
      ]
    },
    {
      "mode": "data",
      "type": "azurerm_resource_group",
      "name": "rg",
      "provider": "provider[\"registry.terraform.io/hashicorp/azurerm\"]",
      "instances": [
        {
          "schema_version": 0,
          "attributes": {
            "id": "/subscriptions/2b9d2cdc-6f68-466a-abc2-9652d5c6dfd6/resourceGroups/ctoa-azureml-poc",
            "location": "swedencentral",
            "managed_by": "",
            "name": "ctoa-azureml-poc",
            "tags": {
              "Owner": "cto",
              "application": "azureml"
            },
            "timeouts": null
          },
          "sensitive_attributes": [],
          "identity_schema_version": 0
        }
      ]
    },
    {
      "mode": "data",
      "type": "azurerm_subnet",
      "name": "function_app",
      "provider": "provider[\"registry.terraform.io/hashicorp/azurerm\"]",
      "instances": [
        {
          "index_key": 0,
          "schema_version": 0,
          "attributes": {
            "address_prefix": "",
            "address_prefixes": [
              "10.200.0.0/24"
            ],
            "default_outbound_access_enabled": true,
            "id": "/subscriptions/2b9d2cdc-6f68-466a-abc2-9652d5c6dfd6/resourceGroups/ctoa-azureml-poc/providers/Microsoft.Network/virtualNetworks/ctoa-azureml-poc-workspace-vnet/subnets/default",
            "name": "default",
            "network_security_group_id": "",
            "private_endpoint_network_policies": "Disabled",
            "private_link_service_network_policies_enabled": true,
            "resource_group_name": "ctoa-azureml-poc",
            "route_table_id": "",
            "service_endpoints": [
              "Microsoft.Storage",
              "Microsoft.KeyVault"
            ],
            "timeouts": null,
            "virtual_network_name": "ctoa-azureml-poc-workspace-vnet"
          },
          "sensitive_attributes": [],
          "identity_schema_version": 0
        }
      ]
    },
    {
      "mode": "data",
      "type": "azurerm_subnet",
      "name": "storage_private_endpoint",
      "provider": "provider[\"registry.terraform.io/hashicorp/azurerm\"]",
      "instances": [
        {
          "index_key": 0,
          "schema_version": 0,
          "attributes": {
            "address_prefix": "",
            "address_prefixes": [
              "10.200.0.0/24"
            ],
            "default_outbound_access_enabled": true,
            "id": "/subscriptions/2b9d2cdc-6f68-466a-abc2-9652d5c6dfd6/resourceGroups/ctoa-azureml-poc/providers/Microsoft.Network/virtualNetworks/ctoa-azureml-poc-workspace-vnet/subnets/default",
            "name": "default",
            "network_security_group_id": "",
            "private_endpoint_network_policies": "Disabled",
            "private_link_service_network_policies_enabled": true,
            "resource_group_name": "ctoa-azureml-poc",
            "route_table_id": "",
            "service_endpoints": [
              "Microsoft.Storage",
              "Microsoft.KeyVault"
            ],
            "timeouts": null,
            "virtual_network_name": "ctoa-azureml-poc-workspace-vnet"
          },
          "sensitive_attributes": [],
          "identity_schema_version": 0
        }
      ]
    },
    {
      "mode": "data",
      "type": "azurerm_virtual_network",
      "name": "existing",
      "provider": "provider[\"registry.terraform.io/hashicorp/azurerm\"]",
      "instances": [
        {
          "index_key": 0,
          "schema_version": 0,
          "attributes": {
            "address_space": [
              "10.200.0.0/18"
            ],
            "dns_servers": null,
            "guid": "1f2336cb-65cc-4731-aaf2-6a73bf415cf2",
            "id": "/subscriptions/2b9d2cdc-6f68-466a-abc2-9652d5c6dfd6/resourceGroups/ctoa-azureml-poc/providers/Microsoft.Network/virtualNetworks/ctoa-azureml-poc-workspace-vnet",
            "location": "swedencentral",
            "name": "ctoa-azureml-poc-workspace-vnet",
            "resource_group_name": "ctoa-azureml-poc",
            "subnets": [
              "default"
            ],
            "tags": {
              "Owner": "cto",
              "application": "azureml"
            },
            "timeouts": null,
            "vnet_peerings": {},
            "vnet_peerings_addresses": []
          },
          "sensitive_attributes": [],
          "identity_schema_version": 0
        }
      ]
    },
    {
      "mode": "managed",
      "type": "azurerm_eventgrid_system_topic",
      "name": "keyvault_events",
      "provider": "provider[\"registry.terraform.io/hashicorp/azurerm\"]",
      "instances": [
        {
          "schema_version": 0,
          "attributes": {
            "id": "/subscriptions/2b9d2cdc-6f68-466a-abc2-9652d5c6dfd6/resourceGroups/ctoa-azureml-poc/providers/Microsoft.EventGrid/systemTopics/ctoaazuremlpoc5615636730-events",
            "identity": [],
            "location": "swedencentral",
            "metric_arm_resource_id": "a2c09c5c-22e1-4d16-ac45-ac6f75b9a375",
            "metric_resource_id": "a2c09c5c-22e1-4d16-ac45-ac6f75b9a375",
            "name": "ctoaazuremlpoc5615636730-events",
            "resource_group_name": "ctoa-azureml-poc",
            "source_arm_resource_id": "/subscriptions/2b9d2cdc-6f68-466a-abc2-9652d5c6dfd6/resourceGroups/ctoa-azureml-poc/providers/Microsoft.KeyVault/vaults/ctoaazuremlpoc5615636730",
            "source_resource_id": "/subscriptions/2b9d2cdc-6f68-466a-abc2-9652d5c6dfd6/resourceGroups/ctoa-azureml-poc/providers/Microsoft.KeyVault/vaults/ctoaazuremlpoc5615636730",
            "tags": {
              "environment": "production",
              "managed_by": "terraform",
              "project": "jfrog-azureml-integration"
            },
            "timeouts": null,
            "topic_type": "Microsoft.KeyVault.vaults"
          },
          "sensitive_attributes": [],
          "identity_schema_version": 0,
          "private": "eyJlMmJmYjczMC1lY2FhLTExZTYtOGY4OC0zNDM2M2JjN2M0YzAiOnsiY3JlYXRlIjoxODAwMDAwMDAwMDAwLCJkZWxldGUiOjE4MDAwMDAwMDAwMDAsInJlYWQiOjMwMDAwMDAwMDAwMCwidXBkYXRlIjoxODAwMDAwMDAwMDAwfX0=",
          "dependencies": [
            "data.azurerm_key_vault.kv",
            "data.azurerm_resource_group.rg"
          ]
        }
      ]
    },
    {
      "mode": "managed",
      "type": "azurerm_private_endpoint",
      "name": "storage_blob",
      "provider": "provider[\"registry.terraform.io/hashicorp/azurerm\"]",
      "instances": [
        {
          "schema_version": 0,
          "attributes": {
            "custom_dns_configs": [
              {
                "fqdn": "funcjymsg6kt.blob.core.windows.net",
                "ip_addresses": [
                  "10.200.0.9"
                ]
              }
            ],
            "custom_network_interface_name": "",
            "id": "/subscriptions/2b9d2cdc-6f68-466a-abc2-9652d5c6dfd6/resourceGroups/ctoa-azureml-poc/providers/Microsoft.Network/privateEndpoints/funcjymsg6kt-blob-pe",
            "ip_configuration": [],
            "location": "swedencentral",
            "name": "funcjymsg6kt-blob-pe",
            "network_interface": [
              {
                "id": "/subscriptions/2b9d2cdc-6f68-466a-abc2-9652d5c6dfd6/resourceGroups/ctoa-azureml-poc/providers/Microsoft.Network/networkInterfaces/funcjymsg6kt-blob-pe.nic.e4d542fd-e9ea-4861-8166-d336e121d478",
                "name": "funcjymsg6kt-blob-pe.nic.e4d542fd-e9ea-4861-8166-d336e121d478"
              }
            ],
            "private_dns_zone_configs": [],
            "private_dns_zone_group": [],
            "private_service_connection": [
              {
                "is_manual_connection": false,
                "name": "storage-blob-connection",
                "private_connection_resource_alias": "",
                "private_connection_resource_id": "/subscriptions/2b9d2cdc-6f68-466a-abc2-9652d5c6dfd6/resourceGroups/ctoa-azureml-poc/providers/Microsoft.Storage/storageAccounts/funcjymsg6kt",
                "private_ip_address": "10.200.0.9",
                "request_message": "",
                "subresource_names": [
                  "blob"
                ]
              }
            ],
            "resource_group_name": "ctoa-azureml-poc",
            "subnet_id": "/subscriptions/2b9d2cdc-6f68-466a-abc2-9652d5c6dfd6/resourceGroups/ctoa-azureml-poc/providers/Microsoft.Network/virtualNetworks/ctoa-azureml-poc-workspace-vnet/subnets/default",
            "tags": {
              "environment": "production",
              "managed_by": "terraform",
              "project": "jfrog-azureml-integration"
            },
            "timeouts": null
          },
          "sensitive_attributes": [],
          "identity_schema_version": 0,
          "identity": {
            "name": "funcjymsg6kt-blob-pe",
            "resource_group_name": "ctoa-azureml-poc",
            "subscription_id": "2b9d2cdc-6f68-466a-abc2-9652d5c6dfd6"
          },
          "private": "eyJlMmJmYjczMC1lY2FhLTExZTYtOGY4OC0zNDM2M2JjN2M0YzAiOnsiY3JlYXRlIjozNjAwMDAwMDAwMDAwLCJkZWxldGUiOjM2MDAwMDAwMDAwMDAsInJlYWQiOjMwMDAwMDAwMDAwMCwidXBkYXRlIjozNjAwMDAwMDAwMDAwfX0=",
          "dependencies": [
            "azurerm_storage_account.function_storage",
            "azurerm_subnet.function_app",
            "azurerm_subnet.storage_private_endpoint",
            "azurerm_virtual_network.vnet",
            "data.azurerm_resource_group.rg",
            "data.azurerm_subnet.function_app",
            "data.azurerm_subnet.storage_private_endpoint",
            "data.azurerm_virtual_network.existing",
            "random_string.storage_suffix"
          ]
        }
      ]
    },
    {
      "mode": "managed",
      "type": "azurerm_role_assignment",
      "name": "user_identity_kv_secrets_officer",
      "provider": "provider[\"registry.terraform.io/hashicorp/azurerm\"]",
      "instances": [
        {
          "schema_version": 0,
          "attributes": {
            "condition": "",
            "condition_version": "",
            "delegated_managed_identity_resource_id": "",
            "description": "",
            "id": "/subscriptions/2b9d2cdc-6f68-466a-abc2-9652d5c6dfd6/resourceGroups/ctoa-azureml-poc/providers/Microsoft.KeyVault/vaults/ctoaazuremlpoc5615636730/providers/Microsoft.Authorization/roleAssignments/10f56873-002e-558d-6ce6-6d978771ed1c",
            "name": "10f56873-002e-558d-6ce6-6d978771ed1c",
            "principal_id": "c21b8a4d-dfa8-4b1e-8c46-62b001349ff4",
            "principal_type": "ServicePrincipal",
            "role_definition_id": "/subscriptions/2b9d2cdc-6f68-466a-abc2-9652d5c6dfd6/providers/Microsoft.Authorization/roleDefinitions/b86a8fe4-44ce-4948-aee5-eccb2c155cd7",
            "role_definition_name": "Key Vault Secrets Officer",
            "scope": "/subscriptions/2b9d2cdc-6f68-466a-abc2-9652d5c6dfd6/resourceGroups/ctoa-azureml-poc/providers/Microsoft.KeyVault/vaults/ctoaazuremlpoc5615636730",
            "skip_service_principal_aad_check": null,
            "timeouts": null
          },
          "sensitive_attributes": [],
          "identity_schema_version": 0,
          "private": "eyJlMmJmYjczMC1lY2FhLTExZTYtOGY4OC0zNDM2M2JjN2M0YzAiOnsiY3JlYXRlIjoxODAwMDAwMDAwMDAwLCJkZWxldGUiOjE4MDAwMDAwMDAwMDAsInJlYWQiOjMwMDAwMDAwMDAwMH19",
          "dependencies": [
            "azurerm_user_assigned_identity.function_identity",
            "data.azurerm_key_vault.kv",
            "data.azurerm_resource_group.rg"
          ]
        }
      ]
    },
    {
      "mode": "managed",
      "type": "azurerm_service_plan",
      "name": "function_plan",
      "provider": "provider[\"registry.terraform.io/hashicorp/azurerm\"]",
      "instances": [
        {
          "schema_version": 1,
          "attributes": {
            "app_service_environment_id": "",
            "id": "/subscriptions/2b9d2cdc-6f68-466a-abc2-9652d5c6dfd6/resourceGroups/ctoa-azureml-poc/providers/Microsoft.Web/serverFarms/ctoa-azure-token-rotation-flex-plan",
            "kind": "functionapp",
            "location": "swedencentral",
            "maximum_elastic_worker_count": 1,
            "name": "ctoa-azure-token-rotation-flex-plan",
            "os_type": "Linux",
            "per_site_scaling_enabled": false,
            "premium_plan_auto_scale_enabled": false,
            "reserved": true,
            "resource_group_name": "ctoa-azureml-poc",
            "sku_name": "FC1",
            "tags": {
              "environment": "production",
              "managed_by": "terraform",
              "project": "jfrog-azureml-integration"
            },
            "timeouts": null,
            "worker_count": 0,
            "zone_balancing_enabled": false
          },
          "sensitive_attributes": [],
          "identity_schema_version": 0,
          "identity": {
            "name": "ctoa-azure-token-rotation-flex-plan",
            "resource_group_name": "ctoa-azureml-poc",
            "subscription_id": "2b9d2cdc-6f68-466a-abc2-9652d5c6dfd6"
          },
          "private": "eyJlMmJmYjczMC1lY2FhLTExZTYtOGY4OC0zNDM2M2JjN2M0YzAiOnsiY3JlYXRlIjozNjAwMDAwMDAwMDAwLCJkZWxldGUiOjM2MDAwMDAwMDAwMDAsInJlYWQiOjMwMDAwMDAwMDAwMCwidXBkYXRlIjozNjAwMDAwMDAwMDAwfSwic2NoZW1hX3ZlcnNpb24iOiIxIn0=",
          "dependencies": [
            "data.azurerm_resource_group.rg"
          ],
          "create_before_destroy": true
        },
        {
          "deposed": "4c89b864",
          "schema_version": 1,
          "attributes": {
            "app_service_environment_id": "",
            "id": "/subscriptions/2b9d2cdc-6f68-466a-abc2-9652d5c6dfd6/resourceGroups/ctoa-azureml-poc/providers/Microsoft.Web/serverFarms/ctoa-azure-token-rotation-plan",
            "kind": "functionapp",
            "location": "swedencentral",
            "maximum_elastic_worker_count": 1,
            "name": "ctoa-azure-token-rotation-plan",
            "os_type": "Linux",
            "per_site_scaling_enabled": false,
            "premium_plan_auto_scale_enabled": false,
            "reserved": true,
            "resource_group_name": "ctoa-azureml-poc",
            "sku_name": "Y1",
            "tags": {
              "environment": "production",
              "managed_by": "terraform",
              "project": "jfrog-azureml-integration"
            },
            "timeouts": null,
            "worker_count": 0,
            "zone_balancing_enabled": false
          },
          "sensitive_attributes": [],
          "identity_schema_version": 0,
          "identity": {
            "name": "ctoa-azure-token-rotation-plan",
            "resource_group_name": "ctoa-azureml-poc",
            "subscription_id": "2b9d2cdc-6f68-466a-abc2-9652d5c6dfd6"
          },
          "private": "eyJlMmJmYjczMC1lY2FhLTExZTYtOGY4OC0zNDM2M2JjN2M0YzAiOnsiY3JlYXRlIjozNjAwMDAwMDAwMDAwLCJkZWxldGUiOjM2MDAwMDAwMDAwMDAsInJlYWQiOjMwMDAwMDAwMDAwMCwidXBkYXRlIjozNjAwMDAwMDAwMDAwfSwic2NoZW1hX3ZlcnNpb24iOiIxIn0=",
          "dependencies": [
            "data.azurerm_resource_group.rg"
          ],
          "create_before_destroy": true
        }
      ]
    },
    {
      "mode": "managed",
      "type": "azurerm_storage_account",
      "name": "function_storage",
      "provider": "provider[\"registry.terraform.io/hashicorp/azurerm\"]",
      "instances": [
        {
          "schema_version": 4,
          "attributes": {
            "access_tier": "Hot",
            "account_kind": "StorageV2",
            "account_replication_type": "LRS",
            "account_tier": "Standard",
            "allow_nested_items_to_be_public": true,
            "allowed_copy_scope": "",
            "azure_files_authentication": [],
            "blob_properties": [
              {
                "change_feed_enabled": false,
                "change_feed_retention_in_days": 0,
                "container_delete_retention_policy": [],
                "cors_rule": [],
                "default_service_version": "",
                "delete_retention_policy": [],
                "last_access_time_enabled": false,
                "restore_policy": [],
                "versioning_enabled": false
              }
            ],
            "cross_tenant_replication_enabled": false,
            "custom_domain": [],
            "customer_managed_key": [],
            "default_to_oauth_authentication": false,
            "dns_endpoint_type": "Standard",
            "edge_zone": "",
            "https_traffic_only_enabled": true,
            "id": "/subscriptions/2b9d2cdc-6f68-466a-abc2-9652d5c6dfd6/resourceGroups/ctoa-azureml-poc/providers/Microsoft.Storage/storageAccounts/funcjymsg6kt",
            "identity": [],
            "immutability_policy": [],
            "infrastructure_encryption_enabled": false,
            "is_hns_enabled": false,
            "large_file_share_enabled": false,
            "local_user_enabled": true,
            "location": "swedencentral",
            "min_tls_version": "TLS1_2",
            "name": "funcjymsg6kt",
            "network_rules": [
              {
                "bypass": [
                  "AzureServices"
                ],
                "default_action": "Deny",
                "ip_rules": [],
                "private_link_access": [],
                "virtual_network_subnet_ids": [
                  "/subscriptions/2b9d2cdc-6f68-466a-abc2-9652d5c6dfd6/resourceGroups/ctoa-azureml-poc/providers/Microsoft.Network/virtualNetworks/ctoa-azureml-poc-workspace-vnet/subnets/default"
                ]
              }
            ],
            "nfsv3_enabled": false,
            "primary_access_key": "BLJ+M1k+Kq+vZw51pT7fmF42IvOjOwWtrxMQfCQhBt2d1ytKuTeDlkcMNz4BZVntLsWDQEoc9Qx5+AStBfP/hg==",
            "primary_blob_connection_string": "DefaultEndpointsProtocol=https;BlobEndpoint=https://funcjymsg6kt.blob.core.windows.net/;AccountName=funcjymsg6kt;AccountKey=BLJ+M1k+Kq+vZw51pT7fmF42IvOjOwWtrxMQfCQhBt2d1ytKuTeDlkcMNz4BZVntLsWDQEoc9Qx5+AStBfP/hg==",
            "primary_blob_endpoint": "https://funcjymsg6kt.blob.core.windows.net/",
            "primary_blob_host": "funcjymsg6kt.blob.core.windows.net",
            "primary_blob_internet_endpoint": "",
            "primary_blob_internet_host": "",
            "primary_blob_microsoft_endpoint": "",
            "primary_blob_microsoft_host": "",
            "primary_connection_string": "DefaultEndpointsProtocol=https;AccountName=funcjymsg6kt;AccountKey=BLJ+M1k+Kq+vZw51pT7fmF42IvOjOwWtrxMQfCQhBt2d1ytKuTeDlkcMNz4BZVntLsWDQEoc9Qx5+AStBfP/hg==;EndpointSuffix=core.windows.net",
            "primary_dfs_endpoint": "https://funcjymsg6kt.dfs.core.windows.net/",
            "primary_dfs_host": "funcjymsg6kt.dfs.core.windows.net",
            "primary_dfs_internet_endpoint": "",
            "primary_dfs_internet_host": "",
            "primary_dfs_microsoft_endpoint": "",
            "primary_dfs_microsoft_host": "",
            "primary_file_endpoint": "https://funcjymsg6kt.file.core.windows.net/",
            "primary_file_host": "funcjymsg6kt.file.core.windows.net",
            "primary_file_internet_endpoint": "",
            "primary_file_internet_host": "",
            "primary_file_microsoft_endpoint": "",
            "primary_file_microsoft_host": "",
            "primary_location": "swedencentral",
            "primary_queue_endpoint": "https://funcjymsg6kt.queue.core.windows.net/",
            "primary_queue_host": "funcjymsg6kt.queue.core.windows.net",
            "primary_queue_microsoft_endpoint": "",
            "primary_queue_microsoft_host": "",
            "primary_table_endpoint": "https://funcjymsg6kt.table.core.windows.net/",
            "primary_table_host": "funcjymsg6kt.table.core.windows.net",
            "primary_table_microsoft_endpoint": "",
            "primary_table_microsoft_host": "",
            "primary_web_endpoint": "https://funcjymsg6kt.z1.web.core.windows.net/",
            "primary_web_host": "funcjymsg6kt.z1.web.core.windows.net",
            "primary_web_internet_endpoint": "",
            "primary_web_internet_host": "",
            "primary_web_microsoft_endpoint": "",
            "primary_web_microsoft_host": "",
            "provisioned_billing_model_version": "",
            "public_network_access_enabled": true,
            "queue_encryption_key_type": "Service",
            "queue_properties": [
              {
                "cors_rule": [],
                "hour_metrics": [
                  {
                    "enabled": false,
                    "include_apis": false,
                    "retention_policy_days": 0,
                    "version": "1.0"
                  }
                ],
                "logging": [
                  {
                    "delete": false,
                    "read": false,
                    "retention_policy_days": 0,
                    "version": "1.0",
                    "write": false
                  }
                ],
                "minute_metrics": [
                  {
                    "enabled": false,
                    "include_apis": false,
                    "retention_policy_days": 0,
                    "version": "1.0"
                  }
                ]
              }
            ],
            "resource_group_name": "ctoa-azureml-poc",
            "routing": [],
            "sas_policy": [],
            "secondary_access_key": "xYdSImPdBg2IF7cc92jUWW5uhBatyJUcL2cQWNZiviNHWOnqpBVpQBDlNyXx6gKosZSaKg7PEUBo+ASt0ulT4w==",
            "secondary_blob_connection_string": "",
            "secondary_blob_endpoint": "",
            "secondary_blob_host": "",
            "secondary_blob_internet_endpoint": "",
            "secondary_blob_internet_host": "",
            "secondary_blob_microsoft_endpoint": "",
            "secondary_blob_microsoft_host": "",
            "secondary_connection_string": "DefaultEndpointsProtocol=https;AccountName=funcjymsg6kt;AccountKey=xYdSImPdBg2IF7cc92jUWW5uhBatyJUcL2cQWNZiviNHWOnqpBVpQBDlNyXx6gKosZSaKg7PEUBo+ASt0ulT4w==;EndpointSuffix=core.windows.net",
            "secondary_dfs_endpoint": "",
            "secondary_dfs_host": "",
            "secondary_dfs_internet_endpoint": "",
            "secondary_dfs_internet_host": "",
            "secondary_dfs_microsoft_endpoint": "",
            "secondary_dfs_microsoft_host": "",
            "secondary_file_endpoint": "",
            "secondary_file_host": "",
            "secondary_file_internet_endpoint": "",
            "secondary_file_internet_host": "",
            "secondary_file_microsoft_endpoint": "",
            "secondary_file_microsoft_host": "",
            "secondary_location": "",
            "secondary_queue_endpoint": "",
            "secondary_queue_host": "",
            "secondary_queue_microsoft_endpoint": "",
            "secondary_queue_microsoft_host": "",
            "secondary_table_endpoint": "",
            "secondary_table_host": "",
            "secondary_table_microsoft_endpoint": "",
            "secondary_table_microsoft_host": "",
            "secondary_web_endpoint": "",
            "secondary_web_host": "",
            "secondary_web_internet_endpoint": "",
            "secondary_web_internet_host": "",
            "secondary_web_microsoft_endpoint": "",
            "secondary_web_microsoft_host": "",
            "sftp_enabled": false,
            "share_properties": [
              {
                "cors_rule": [],
                "retention_policy": [
                  {
                    "days": 7
                  }
                ],
                "smb": []
              }
            ],
            "shared_access_key_enabled": true,
            "static_website": [],
            "table_encryption_key_type": "Service",
            "tags": {
              "environment": "production",
              "managed_by": "terraform",
              "project": "jfrog-azureml-integration"
            },
            "timeouts": null
          },
          "sensitive_attributes": [
            [
              {
                "type": "get_attr",
                "value": "primary_access_key"
              }
            ],
            [
              {
                "type": "get_attr",
                "value": "primary_blob_connection_string"
              }
            ],
            [
              {
                "type": "get_attr",
                "value": "primary_connection_string"
              }
            ],
            [
              {
                "type": "get_attr",
                "value": "secondary_access_key"
              }
            ],
            [
              {
                "type": "get_attr",
                "value": "secondary_blob_connection_string"
              }
            ],
            [
              {
                "type": "get_attr",
                "value": "secondary_connection_string"
              }
            ]
          ],
          "identity_schema_version": 0,
          "identity": {
            "name": "funcjymsg6kt",
            "resource_group_name": "ctoa-azureml-poc",
            "subscription_id": "2b9d2cdc-6f68-466a-abc2-9652d5c6dfd6"
          },
          "private": "eyJlMmJmYjczMC1lY2FhLTExZTYtOGY4OC0zNDM2M2JjN2M0YzAiOnsiY3JlYXRlIjozNjAwMDAwMDAwMDAwLCJkZWxldGUiOjM2MDAwMDAwMDAwMDAsInJlYWQiOjMwMDAwMDAwMDAwMCwidXBkYXRlIjozNjAwMDAwMDAwMDAwfSwic2NoZW1hX3ZlcnNpb24iOiI0In0=",
          "dependencies": [
            "azurerm_subnet.function_app",
            "azurerm_virtual_network.vnet",
            "data.azurerm_resource_group.rg",
            "data.azurerm_subnet.function_app",
            "data.azurerm_virtual_network.existing",
            "random_string.storage_suffix"
          ]
        }
      ]
    },
    {
      "mode": "managed",
      "type": "azurerm_storage_container",
      "name": "function_flex",
      "provider": "provider[\"registry.terraform.io/hashicorp/azurerm\"]",
      "instances": [
        {
          "schema_version": 1,
          "attributes": {
            "container_access_type": "private",
            "default_encryption_scope": "$account-encryption-key",
            "encryption_scope_override_enabled": true,
            "has_immutability_policy": false,
            "has_legal_hold": false,
            "id": "/subscriptions/2b9d2cdc-6f68-466a-abc2-9652d5c6dfd6/resourceGroups/ctoa-azureml-poc/providers/Microsoft.Storage/storageAccounts/funcjymsg6kt/blobServices/default/containers/function-app-flex",
            "metadata": {},
            "name": "function-app-flex",
            "resource_manager_id": "/subscriptions/2b9d2cdc-6f68-466a-abc2-9652d5c6dfd6/resourceGroups/ctoa-azureml-poc/providers/Microsoft.Storage/storageAccounts/funcjymsg6kt/blobServices/default/containers/function-app-flex",
            "storage_account_id": "/subscriptions/2b9d2cdc-6f68-466a-abc2-9652d5c6dfd6/resourceGroups/ctoa-azureml-poc/providers/Microsoft.Storage/storageAccounts/funcjymsg6kt",
            "storage_account_name": "",
            "timeouts": null
          },
          "sensitive_attributes": [],
          "identity_schema_version": 0,
          "private": "eyJlMmJmYjczMC1lY2FhLTExZTYtOGY4OC0zNDM2M2JjN2M0YzAiOnsiY3JlYXRlIjoxODAwMDAwMDAwMDAwLCJkZWxldGUiOjE4MDAwMDAwMDAwMDAsInJlYWQiOjMwMDAwMDAwMDAwMCwidXBkYXRlIjoxODAwMDAwMDAwMDAwfSwic2NoZW1hX3ZlcnNpb24iOiIxIn0=",
          "dependencies": [
            "azurerm_storage_account.function_storage",
            "azurerm_subnet.function_app",
            "azurerm_virtual_network.vnet",
            "data.azurerm_resource_group.rg",
            "data.azurerm_subnet.function_app",
            "data.azurerm_virtual_network.existing",
            "random_string.storage_suffix"
          ]
        }
      ]
    },
    {
      "mode": "managed",
      "type": "azurerm_subnet",
      "name": "function_app",
      "provider": "provider[\"registry.terraform.io/hashicorp/azurerm\"]",
      "instances": []
    },
    {
      "mode": "managed",
      "type": "azurerm_subnet",
      "name": "storage_private_endpoint",
      "provider": "provider[\"registry.terraform.io/hashicorp/azurerm\"]",
      "instances": []
    },
    {
      "mode": "managed",
      "type": "azurerm_user_assigned_identity",
      "name": "function_identity",
      "provider": "provider[\"registry.terraform.io/hashicorp/azurerm\"]",
      "instances": [
        {
          "schema_version": 1,
          "attributes": {
            "client_id": "ccd9ab41-c1d5-4d3d-a4dc-ca04fa6e72c6",
            "id": "/subscriptions/2b9d2cdc-6f68-466a-abc2-9652d5c6dfd6/resourceGroups/ctoa-azureml-poc/providers/Microsoft.ManagedIdentity/userAssignedIdentities/ctoa-function-poc-managed-identity",
            "isolation_scope": "",
            "location": "swedencentral",
            "name": "ctoa-function-poc-managed-identity",
            "principal_id": "c21b8a4d-dfa8-4b1e-8c46-62b001349ff4",
            "resource_group_name": "ctoa-azureml-poc",
            "tags": {
              "environment": "production",
              "managed_by": "terraform",
              "project": "jfrog-azureml-integration"
            },
            "tenant_id": "ae9dab70-80b0-4974-bcea-ac683eda516f",
            "timeouts": null
          },
          "sensitive_attributes": [],
          "identity_schema_version": 0,
          "private": "eyJlMmJmYjczMC1lY2FhLTExZTYtOGY4OC0zNDM2M2JjN2M0YzAiOnsiY3JlYXRlIjoxODAwMDAwMDAwMDAwLCJkZWxldGUiOjE4MDAwMDAwMDAwMDAsInJlYWQiOjMwMDAwMDAwMDAwMCwidXBkYXRlIjoxODAwMDAwMDAwMDAwfSwic2NoZW1hX3ZlcnNpb24iOiIxIn0=",
          "dependencies": [
            "data.azurerm_resource_group.rg"
          ]
        }
      ]
    },
    {
      "mode": "managed",
      "type": "azurerm_virtual_network",
      "name": "vnet",
      "provider": "provider[\"registry.terraform.io/hashicorp/azurerm\"]",
      "instances": []
    },
    {
      "mode": "managed",
      "type": "random_string",
      "name": "storage_suffix",
      "provider": "provider[\"registry.terraform.io/hashicorp/random\"]",
      "instances": [
        {
          "schema_version": 2,
          "attributes": {
            "id": "jymsg6kt",
            "keepers": null,
            "length": 8,
            "lower": true,
            "min_lower": 0,
            "min_numeric": 0,
            "min_special": 0,
            "min_upper": 0,
            "number": true,
            "numeric": true,
            "override_special": null,
            "result": "jymsg6kt",
            "special": false,
            "upper": false
          },
          "sensitive_attributes": [],
          "identity_schema_version": 0
        }
      ]
    }
  ],
  "check_results": null
}
