{
  "version": 4,
  "terraform_version": "1.14.4",
  "serial": 45,
  "lineage": "d64eeccb-34f1-48b6-d6bc-ee75835164e9",
  "outputs": {
    "event_grid_system_topic_id": {
      "value": "/subscriptions/2b9d2cdc-6f68-466a-abc2-9652d5c6dfd6/resourceGroups/ctoa-azureml-poc/providers/Microsoft.EventGrid/systemTopics/ctoaazuremlpoc5615636730-events",
      "type": "string"
    },
    "function_app_default_hostname": {
      "value": "ctoa-azure-token-rotation.azurewebsites.net",
      "type": "string"
    },
    "function_app_identity_principal_id": {
      "value": "5e1e0320-d988-4dc1-8596-6246d1a87d3c",
      "type": "string"
    },
    "function_app_integration_subnet_id": {
      "value": "/subscriptions/2b9d2cdc-6f68-466a-abc2-9652d5c6dfd6/resourceGroups/ctoa-azureml-poc/providers/Microsoft.Network/virtualNetworks/ctoa-azureml-poc-workspace-vnet/subnets/default",
      "type": "string"
    },
    "function_app_name": {
      "value": "ctoa-azure-token-rotation",
      "type": "string"
    },
    "key_vault_id": {
      "value": "/subscriptions/2b9d2cdc-6f68-466a-abc2-9652d5c6dfd6/resourceGroups/ctoa-azureml-poc/providers/Microsoft.KeyVault/vaults/ctoaazuremlpoc5615636730",
      "type": "string"
    },
    "key_vault_uri": {
      "value": "https://ctoaazuremlpoc5615636730.vault.azure.net/",
      "type": "string"
    },
    "storage_private_endpoint_subnet_id": {
      "value": "/subscriptions/2b9d2cdc-6f68-466a-abc2-9652d5c6dfd6/resourceGroups/ctoa-azureml-poc/providers/Microsoft.Network/virtualNetworks/ctoa-azureml-poc-workspace-vnet/subnets/stoarge_subnet",
      "type": "string"
    },
    "vnet_id": {
      "value": "/subscriptions/2b9d2cdc-6f68-466a-abc2-9652d5c6dfd6/resourceGroups/ctoa-azureml-poc/providers/Microsoft.Network/virtualNetworks/ctoa-azureml-poc-workspace-vnet",
      "type": "string"
    }
  },
  "resources": [
    {
      "mode": "data",
      "type": "archive_file",
      "name": "function_zip",
      "provider": "provider[\"registry.terraform.io/hashicorp/archive\"]",
      "instances": [
        {
          "schema_version": 0,
          "attributes": {
            "exclude_symlink_directories": null,
            "excludes": [
              ".git",
              ".venv",
              "__pycache__"
            ],
            "id": "3939173088d1386a6ab6c560b8e8a1ed2d9affc3",
            "output_base64sha256": "7d4BJS5w00qI/vwLz5ppinKjrshd3dkObJZiwyVixu0=",
            "output_base64sha512": "sQrEE+SSjwb681QL++CCD1PvY673pTM8SHx3e+tEOOeZqhHZPSQ7Z9E8coPp2qnZg0a04+ki7qcBc98E/oE7zA==",
            "output_file_mode": null,
            "output_md5": "cdfe23a375ddd39b671e59823a3ff97f",
            "output_path": "./function_deploy.zip",
            "output_sha": "3939173088d1386a6ab6c560b8e8a1ed2d9affc3",
            "output_sha256": "edde01252e70d34a88fefc0bcf9a698a72a3aec85dddd90e6c9662c32562c6ed",
            "output_sha512": "b10ac413e4928f06faf3540bfbe0820f53ef63aef7a5333c487c777beb4438e799aa11d93d243b67d13c7283e9daa9d98346b4e3e922eea70173df04fe813bcc",
            "output_size": 2922,
            "source": [],
            "source_content": null,
            "source_content_filename": null,
            "source_dir": "./../secret_rotation_function",
            "source_file": null,
            "type": "zip"
          },
          "sensitive_attributes": [],
          "identity_schema_version": 0
        }
      ]
    },
    {
      "mode": "data",
      "type": "azurerm_client_config",
      "name": "current",
      "provider": "provider[\"registry.terraform.io/hashicorp/azurerm\"]",
      "instances": [
        {
          "schema_version": 0,
          "attributes": {
            "client_id": "04b07795-8ddb-461a-bbee-02f9e1bf7b46",
            "id": "Y2xpZW50Q29uZmlncy9jbGllbnRJZD0wNGIwNzc5NS04ZGRiLTQ2MWEtYmJlZS0wMmY5ZTFiZjdiNDY7b2JqZWN0SWQ9MzcyNmZkYWQtMGRmNC00Mjc3LWE3ZWYtMmQwMDgxZmQ2ODM2O3N1YnNjcmlwdGlvbklkPTJiOWQyY2RjLTZmNjgtNDY2YS1hYmMyLTk2NTJkNWM2ZGZkNjt0ZW5hbnRJZD1hZTlkYWI3MC04MGIwLTQ5NzQtYmNlYS1hYzY4M2VkYTUxNmY=",
            "object_id": "3726fdad-0df4-4277-a7ef-2d0081fd6836",
            "subscription_id": "2b9d2cdc-6f68-466a-abc2-9652d5c6dfd6",
            "tenant_id": "ae9dab70-80b0-4974-bcea-ac683eda516f",
            "timeouts": null
          },
          "sensitive_attributes": [],
          "identity_schema_version": 0
        }
      ]
    },
    {
      "mode": "data",
      "type": "azurerm_key_vault",
      "name": "kv",
      "provider": "provider[\"registry.terraform.io/hashicorp/azurerm\"]",
      "instances": [
        {
          "schema_version": 0,
          "attributes": {
            "access_policy": [
              {
                "application_id": "",
                "certificate_permissions": [
                  "Get",
                  "List",
                  "Update",
                  "Create",
                  "Import",
                  "Delete",
                  "Recover",
                  "Backup",
                  "Restore",
                  "ManageContacts",
                  "ManageIssuers",
                  "GetIssuers",
                  "ListIssuers",
                  "SetIssuers",
                  "DeleteIssuers",
                  "Get",
                  "List",
                  "Update",
                  "Create",
                  "Import",
                  "Delete",
                  "Recover",
                  "Backup",
                  "Restore",
                  "ManageContacts",
                  "ManageIssuers",
                  "GetIssuers",
                  "ListIssuers",
                  "SetIssuers",
                  "DeleteIssuers"
                ],
                "key_permissions": [
                  "Get",
                  "List",
                  "Update",
                  "Create",
                  "Import",
                  "Delete",
                  "Recover",
                  "Backup",
                  "Restore",
                  "Decrypt",
                  "Encrypt",
                  "UnwrapKey",
                  "WrapKey",
                  "Verify",
                  "Sign",
                  "Release",
                  "Rotate",
                  "GetRotationPolicy",
                  "SetRotationPolicy",
                  "Get",
                  "List",
                  "Update",
                  "Create",
                  "Import",
                  "Delete",
                  "Recover",
                  "Backup",
                  "Restore",
                  "Decrypt",
                  "Encrypt",
                  "UnwrapKey",
                  "WrapKey",
                  "Verify",
                  "Sign",
                  "Release",
                  "Rotate",
                  "GetRotationPolicy",
                  "SetRotationPolicy"
                ],
                "object_id": "1462c7a9-7a99-4eb3-8930-3ff8ad47a9c6",
                "secret_permissions": [
                  "Get",
                  "List",
                  "Set",
                  "Delete",
                  "Recover",
                  "Backup",
                  "Restore",
                  "Get",
                  "List",
                  "Set",
                  "Delete",
                  "Recover",
                  "Backup",
                  "Restore"
                ],
                "storage_permissions": [],
                "tenant_id": "ae9dab70-80b0-4974-bcea-ac683eda516f"
              },
              {
                "application_id": "",
                "certificate_permissions": [],
                "key_permissions": [
                  "Get",
                  "List",
                  "Update",
                  "Create",
                  "Import",
                  "Delete",
                  "Recover",
                  "Backup",
                  "Restore",
                  "GetRotationPolicy",
                  "SetRotationPolicy",
                  "Rotate"
                ],
                "object_id": "3726fdad-0df4-4277-a7ef-2d0081fd6836",
                "secret_permissions": [
                  "Get",
                  "List",
                  "Set",
                  "Delete",
                  "Recover",
                  "Backup",
                  "Restore"
                ],
                "storage_permissions": [],
                "tenant_id": "ae9dab70-80b0-4974-bcea-ac683eda516f"
              },
              {
                "application_id": "",
                "certificate_permissions": [],
                "key_permissions": [
                  "Get",
                  "List"
                ],
                "object_id": "87e71696-647c-45f6-b5ac-11983ce5120a",
                "secret_permissions": [
                  "Get",
                  "List"
                ],
                "storage_permissions": [],
                "tenant_id": "ae9dab70-80b0-4974-bcea-ac683eda516f"
              },
              {
                "application_id": "",
                "certificate_permissions": [],
                "key_permissions": [
                  "Get",
                  "List"
                ],
                "object_id": "33a8acf2-f219-45bf-9ef7-e0160c2b0c3b",
                "secret_permissions": [
                  "Get",
                  "List"
                ],
                "storage_permissions": [],
                "tenant_id": "ae9dab70-80b0-4974-bcea-ac683eda516f"
              }
            ],
            "enable_rbac_authorization": true,
            "enabled_for_deployment": false,
            "enabled_for_disk_encryption": false,
            "enabled_for_template_deployment": false,
            "id": "/subscriptions/2b9d2cdc-6f68-466a-abc2-9652d5c6dfd6/resourceGroups/ctoa-azureml-poc/providers/Microsoft.KeyVault/vaults/ctoaazuremlpoc5615636730",
            "location": "swedencentral",
            "name": "ctoaazuremlpoc5615636730",
            "network_acls": [
              {
                "bypass": "AzureServices",
                "default_action": "Deny",
                "ip_rules": [
                  "13.127.185.21/32",
                  "34.233.113.191/32",
                  "52.215.237.185/32",
                  "52.9.243.19/32"
                ],
                "virtual_network_subnet_ids": [
                  "/subscriptions/2b9d2cdc-6f68-466a-abc2-9652d5c6dfd6/resourcegroups/ctoa-azureml-poc/providers/microsoft.network/virtualnetworks/ctoa-azureml-poc-workspace-vnet/subnets/default"
                ]
              }
            ],
            "public_network_access_enabled": true,
            "purge_protection_enabled": false,
            "rbac_authorization_enabled": true,
            "resource_group_name": "ctoa-azureml-poc",
            "sku_name": "standard",
            "tags": {
              "Group": "cto",
              "application": "azureml"
            },
            "tenant_id": "ae9dab70-80b0-4974-bcea-ac683eda516f",
            "timeouts": null,
            "vault_uri": "https://ctoaazuremlpoc5615636730.vault.azure.net/"
          },
          "sensitive_attributes": [],
          "identity_schema_version": 0
        }
      ]
    },
    {
      "mode": "data",
      "type": "azurerm_resource_group",
      "name": "rg",
      "provider": "provider[\"registry.terraform.io/hashicorp/azurerm\"]",
      "instances": [
        {
          "schema_version": 0,
          "attributes": {
            "id": "/subscriptions/2b9d2cdc-6f68-466a-abc2-9652d5c6dfd6/resourceGroups/ctoa-azureml-poc",
            "location": "swedencentral",
            "managed_by": "",
            "name": "ctoa-azureml-poc",
            "tags": {
              "Owner": "cto",
              "application": "azureml"
            },
            "timeouts": null
          },
          "sensitive_attributes": [],
          "identity_schema_version": 0
        }
      ]
    },
    {
      "mode": "data",
      "type": "azurerm_subnet",
      "name": "function_app",
      "provider": "provider[\"registry.terraform.io/hashicorp/azurerm\"]",
      "instances": [
        {
          "index_key": 0,
          "schema_version": 0,
          "attributes": {
            "address_prefix": "",
            "address_prefixes": [
              "10.200.0.0/24"
            ],
            "default_outbound_access_enabled": true,
            "id": "/subscriptions/2b9d2cdc-6f68-466a-abc2-9652d5c6dfd6/resourceGroups/ctoa-azureml-poc/providers/Microsoft.Network/virtualNetworks/ctoa-azureml-poc-workspace-vnet/subnets/default",
            "name": "default",
            "network_security_group_id": "",
            "private_endpoint_network_policies": "Disabled",
            "private_link_service_network_policies_enabled": true,
            "resource_group_name": "ctoa-azureml-poc",
            "route_table_id": "",
            "service_endpoints": [
              "Microsoft.Storage",
              "Microsoft.KeyVault"
            ],
            "timeouts": null,
            "virtual_network_name": "ctoa-azureml-poc-workspace-vnet"
          },
          "sensitive_attributes": [],
          "identity_schema_version": 0
        }
      ]
    },
    {
      "mode": "data",
      "type": "azurerm_subnet",
      "name": "storage_private_endpoint",
      "provider": "provider[\"registry.terraform.io/hashicorp/azurerm\"]",
      "instances": [
        {
          "index_key": 0,
          "schema_version": 0,
          "attributes": {
            "address_prefix": "",
            "address_prefixes": [
              "10.200.1.0/24"
            ],
            "default_outbound_access_enabled": false,
            "id": "/subscriptions/2b9d2cdc-6f68-466a-abc2-9652d5c6dfd6/resourceGroups/ctoa-azureml-poc/providers/Microsoft.Network/virtualNetworks/ctoa-azureml-poc-workspace-vnet/subnets/stoarge_subnet",
            "name": "stoarge_subnet",
            "network_security_group_id": "",
            "private_endpoint_network_policies": "Disabled",
            "private_link_service_network_policies_enabled": true,
            "resource_group_name": "ctoa-azureml-poc",
            "route_table_id": "",
            "service_endpoints": [],
            "timeouts": null,
            "virtual_network_name": "ctoa-azureml-poc-workspace-vnet"
          },
          "sensitive_attributes": [],
          "identity_schema_version": 0
        }
      ]
    },
    {
      "mode": "data",
      "type": "azurerm_virtual_network",
      "name": "existing",
      "provider": "provider[\"registry.terraform.io/hashicorp/azurerm\"]",
      "instances": [
        {
          "index_key": 0,
          "schema_version": 0,
          "attributes": {
            "address_space": [
              "10.200.0.0/18"
            ],
            "dns_servers": null,
            "guid": "1f2336cb-65cc-4731-aaf2-6a73bf415cf2",
            "id": "/subscriptions/2b9d2cdc-6f68-466a-abc2-9652d5c6dfd6/resourceGroups/ctoa-azureml-poc/providers/Microsoft.Network/virtualNetworks/ctoa-azureml-poc-workspace-vnet",
            "location": "swedencentral",
            "name": "ctoa-azureml-poc-workspace-vnet",
            "resource_group_name": "ctoa-azureml-poc",
            "subnets": [
              "default",
              "stoarge_subnet"
            ],
            "tags": {
              "Owner": "cto",
              "application": "azureml"
            },
            "timeouts": null,
            "vnet_peerings": {},
            "vnet_peerings_addresses": []
          },
          "sensitive_attributes": [],
          "identity_schema_version": 0
        }
      ]
    },
    {
      "mode": "managed",
      "type": "azurerm_eventgrid_system_topic",
      "name": "keyvault_events",
      "provider": "provider[\"registry.terraform.io/hashicorp/azurerm\"]",
      "instances": [
        {
          "schema_version": 0,
          "attributes": {
            "id": "/subscriptions/2b9d2cdc-6f68-466a-abc2-9652d5c6dfd6/resourceGroups/ctoa-azureml-poc/providers/Microsoft.EventGrid/systemTopics/ctoaazuremlpoc5615636730-events",
            "identity": [],
            "location": "swedencentral",
            "metric_arm_resource_id": "a2c09c5c-22e1-4d16-ac45-ac6f75b9a375",
            "metric_resource_id": "a2c09c5c-22e1-4d16-ac45-ac6f75b9a375",
            "name": "ctoaazuremlpoc5615636730-events",
            "resource_group_name": "ctoa-azureml-poc",
            "source_arm_resource_id": "/subscriptions/2b9d2cdc-6f68-466a-abc2-9652d5c6dfd6/resourceGroups/ctoa-azureml-poc/providers/Microsoft.KeyVault/vaults/ctoaazuremlpoc5615636730",
            "source_resource_id": "/subscriptions/2b9d2cdc-6f68-466a-abc2-9652d5c6dfd6/resourceGroups/ctoa-azureml-poc/providers/Microsoft.KeyVault/vaults/ctoaazuremlpoc5615636730",
            "tags": {
              "environment": "production",
              "managed_by": "terraform",
              "project": "jfrog-azureml-integration"
            },
            "timeouts": null,
            "topic_type": "Microsoft.KeyVault.vaults"
          },
          "sensitive_attributes": [],
          "identity_schema_version": 0,
          "private": "eyJlMmJmYjczMC1lY2FhLTExZTYtOGY4OC0zNDM2M2JjN2M0YzAiOnsiY3JlYXRlIjoxODAwMDAwMDAwMDAwLCJkZWxldGUiOjE4MDAwMDAwMDAwMDAsInJlYWQiOjMwMDAwMDAwMDAwMCwidXBkYXRlIjoxODAwMDAwMDAwMDAwfX0=",
          "dependencies": [
            "azurerm_function_app_flex_consumption.function_app",
            "azurerm_service_plan.function_plan",
            "azurerm_storage_account.function_storage",
            "azurerm_storage_container.function_flex",
            "azurerm_subnet.function_app",
            "azurerm_user_assigned_identity.function_identity",
            "azurerm_virtual_network.vnet",
            "data.archive_file.function_zip",
            "data.azurerm_key_vault.kv",
            "data.azurerm_resource_group.rg",
            "data.azurerm_subnet.function_app",
            "data.azurerm_virtual_network.existing",
            "random_string.storage_suffix"
          ]
        }
      ]
    },
    {
      "mode": "managed",
      "type": "azurerm_function_app_flex_consumption",
      "name": "function_app",
      "provider": "provider[\"registry.terraform.io/hashicorp/azurerm\"]",
      "instances": [
        {
          "schema_version": 0,
          "attributes": {
            "always_ready": [],
            "app_settings": {
              "ARTIFACTORY_TOKEN_SECRET_NAME": "artifactory-access-token-secret",
              "ARTIFACTORY_URL": "https://eldada.jfrog.io",
              "AZURE_AD_TOKEN_AUDIENCE": "c6814209-8614-473a-8143-1d336c879959",
              "AZURE_CLIENT_ID": "ccd9ab41-c1d5-4d3d-a4dc-ca04fa6e72c6",
              "AzureWebJobsStorage": "UseDevelopmentStorage=true",
              "JFROG_OIDC_PROVIDER_NAME": "ctoa-azure-ml-poc",
              "KEY_VAULT_NAME": "ctoaazuremlpoc5615636730"
            },
            "auth_settings": [
              {
                "active_directory": [],
                "additional_login_parameters": {},
                "allowed_external_redirect_urls": [],
                "default_provider": "",
                "enabled": false,
                "facebook": [],
                "github": [],
                "google": [],
                "issuer": "",
                "microsoft": [],
                "runtime_version": "",
                "token_refresh_extension_hours": 0,
                "token_store_enabled": false,
                "twitter": [],
                "unauthenticated_client_action": ""
              }
            ],
            "auth_settings_v2": [],
            "client_certificate_enabled": false,
            "client_certificate_exclusion_paths": "",
            "client_certificate_mode": "Optional",
            "connection_string": [],
            "custom_domain_verification_id": "F75C977B24F8D958568ADC092A22FB12BE6256E30D81EE5F0337A3B18D1A0272",
            "default_hostname": "ctoa-azure-token-rotation.azurewebsites.net",
            "enabled": true,
            "hosting_environment_id": "",
            "http_concurrency": 0,
            "https_only": false,
            "id": "/subscriptions/2b9d2cdc-6f68-466a-abc2-9652d5c6dfd6/resourceGroups/ctoa-azureml-poc/providers/Microsoft.Web/sites/ctoa-azure-token-rotation",
            "identity": [
              {
                "identity_ids": [
                  "/subscriptions/2b9d2cdc-6f68-466a-abc2-9652d5c6dfd6/resourceGroups/ctoa-azureml-poc/providers/Microsoft.ManagedIdentity/userAssignedIdentities/ctoa-function-poc-managed-identity"
                ],
                "principal_id": "5e1e0320-d988-4dc1-8596-6246d1a87d3c",
                "tenant_id": "ae9dab70-80b0-4974-bcea-ac683eda516f",
                "type": "SystemAssigned, UserAssigned"
              }
            ],
            "instance_memory_in_mb": 2048,
            "kind": "functionapp,linux",
            "location": "swedencentral",
            "maximum_instance_count": 50,
            "name": "ctoa-azure-token-rotation",
            "outbound_ip_address_list": [
              "20.91.177.16",
              "20.91.180.151",
              "20.91.183.133",
              "20.91.183.166",
              "20.240.16.134",
              "20.240.16.245",
              "51.12.31.4"
            ],
            "outbound_ip_addresses": "20.91.177.16,20.91.180.151,20.91.183.133,20.91.183.166,20.240.16.134,20.240.16.245,51.12.31.4",
            "possible_outbound_ip_address_list": [
              "20.91.177.16",
              "20.91.180.151",
              "20.91.183.133",
              "20.91.183.166",
              "20.240.16.134",
              "20.240.16.245",
              "20.240.17.3",
              "20.91.183.226",
              "20.240.17.10",
              "20.240.17.15",
              "20.240.18.81",
              "20.240.18.87",
              "20.240.18.115",
              "20.240.18.146",
              "20.240.18.180",
              "20.240.18.188",
              "20.240.18.215",
              "20.240.18.223",
              "20.240.18.246",
              "20.240.18.253",
              "20.240.19.75",
              "20.91.183.250",
              "20.240.19.80",
              "20.240.19.179",
              "51.12.31.4"
            ],
            "possible_outbound_ip_addresses": "20.91.177.16,20.91.180.151,20.91.183.133,20.91.183.166,20.240.16.134,20.240.16.245,20.240.17.3,20.91.183.226,20.240.17.10,20.240.17.15,20.240.18.81,20.240.18.87,20.240.18.115,20.240.18.146,20.240.18.180,20.240.18.188,20.240.18.215,20.240.18.223,20.240.18.246,20.240.18.253,20.240.19.75,20.91.183.250,20.240.19.80,20.240.19.179,51.12.31.4",
            "public_network_access_enabled": true,
            "resource_group_name": "ctoa-azureml-poc",
            "runtime_name": "python",
            "runtime_version": "3.11",
            "service_plan_id": "/subscriptions/2b9d2cdc-6f68-466a-abc2-9652d5c6dfd6/resourceGroups/ctoa-azureml-poc/providers/Microsoft.Web/serverFarms/ctoa-azure-token-rotation-flex-plan",
            "site_config": [
              {
                "api_definition_url": "",
                "api_management_api_id": "",
                "app_command_line": "",
                "app_service_logs": [],
                "application_insights_connection_string": "",
                "application_insights_key": "",
                "container_registry_managed_identity_client_id": "",
                "container_registry_use_managed_identity": false,
                "cors": [],
                "default_documents": [
                  "Default.htm",
                  "Default.html",
                  "Default.asp",
                  "index.htm",
                  "index.html",
                  "iisstart.htm",
                  "default.aspx",
                  "index.php"
                ],
                "detailed_error_logging_enabled": false,
                "elastic_instance_minimum": 0,
                "health_check_eviction_time_in_min": 0,
                "health_check_path": "",
                "http2_enabled": false,
                "ip_restriction": [],
                "ip_restriction_default_action": "Allow",
                "load_balancing_mode": "LeastRequests",
                "managed_pipeline_mode": "Integrated",
                "minimum_tls_version": "1.2",
                "remote_debugging_enabled": false,
                "remote_debugging_version": "",
                "runtime_scale_monitoring_enabled": false,
                "scm_ip_restriction": [],
                "scm_ip_restriction_default_action": "Allow",
                "scm_minimum_tls_version": "1.2",
                "scm_type": "None",
                "scm_use_main_ip_restriction": false,
                "use_32_bit_worker": false,
                "vnet_route_all_enabled": false,
                "websockets_enabled": false,
                "worker_count": 1
              }
            ],
            "site_credential": [
              {
                "name": "$ctoa-azure-token-rotation",
                "password": "StQuKo9p6A8KSazeQ398YuzAAHqXNyTxcCuhhY5pTikYr6lwSrFa5SoGsf8P"
              }
            ],
            "sticky_settings": [],
            "storage_access_key": "DhW0vFqdvLi9l02f/DJZC68HDCzrjc3FeoquTx2m8DCPT5c+Ps6OL/Fg70BS+Qxtlxf9YDSNH0ff+AStBtZAog==",
            "storage_authentication_type": "StorageAccountConnectionString",
            "storage_container_endpoint": "https://funcjymsg6kt.blob.core.windows.net/function-app-flex",
            "storage_container_type": "blobContainer",
            "storage_user_assigned_identity_id": "",
            "tags": {
              "environment": "production",
              "managed_by": "terraform",
              "project": "jfrog-azureml-integration"
            },
            "timeouts": null,
            "virtual_network_subnet_id": "/subscriptions/2b9d2cdc-6f68-466a-abc2-9652d5c6dfd6/resourceGroups/ctoa-azureml-poc/providers/Microsoft.Network/virtualNetworks/ctoa-azureml-poc-workspace-vnet/subnets/default",
            "webdeploy_publish_basic_authentication_enabled": true,
            "zip_deploy_file": "./function_deploy.zip"
          },
          "sensitive_attributes": [
            [
              {
                "type": "get_attr",
                "value": "custom_domain_verification_id"
              }
            ],
            [
              {
                "type": "get_attr",
                "value": "site_config"
              },
              {
                "type": "index",
                "value": {
                  "value": 0,
                  "type": "number"
                }
              },
              {
                "type": "get_attr",
                "value": "application_insights_connection_string"
              }
            ],
            [
              {
                "type": "get_attr",
                "value": "site_config"
              },
              {
                "type": "index",
                "value": {
                  "value": 0,
                  "type": "number"
                }
              },
              {
                "type": "get_attr",
                "value": "application_insights_key"
              }
            ],
            [
              {
                "type": "get_attr",
                "value": "site_credential"
              }
            ],
            [
              {
                "type": "get_attr",
                "value": "storage_access_key"
              }
            ]
          ],
          "identity_schema_version": 0,
          "private": "eyJlMmJmYjczMC1lY2FhLTExZTYtOGY4OC0zNDM2M2JjN2M0YzAiOnsiY3JlYXRlIjoxODAwMDAwMDAwMDAwLCJkZWxldGUiOjE4MDAwMDAwMDAwMDAsInJlYWQiOjMwMDAwMDAwMDAwMCwidXBkYXRlIjoxODAwMDAwMDAwMDAwfX0=",
          "dependencies": [
            "azurerm_service_plan.function_plan",
            "azurerm_storage_account.function_storage",
            "azurerm_storage_container.function_flex",
            "azurerm_subnet.function_app",
            "azurerm_user_assigned_identity.function_identity",
            "azurerm_virtual_network.vnet",
            "data.archive_file.function_zip",
            "data.azurerm_resource_group.rg",
            "data.azurerm_subnet.function_app",
            "data.azurerm_virtual_network.existing",
            "random_string.storage_suffix"
          ]
        }
      ]
    },
    {
      "mode": "managed",
      "type": "azurerm_private_endpoint",
      "name": "storage_blob",
      "provider": "provider[\"registry.terraform.io/hashicorp/azurerm\"]",
      "instances": [
        {
          "schema_version": 0,
          "attributes": {
            "custom_dns_configs": [
              {
                "fqdn": "funcjymsg6kt.blob.core.windows.net",
                "ip_addresses": [
                  "10.200.1.4"
                ]
              }
            ],
            "custom_network_interface_name": "",
            "id": "/subscriptions/2b9d2cdc-6f68-466a-abc2-9652d5c6dfd6/resourceGroups/ctoa-azureml-poc/providers/Microsoft.Network/privateEndpoints/funcjymsg6kt-blob-pe",
            "ip_configuration": [],
            "location": "swedencentral",
            "name": "funcjymsg6kt-blob-pe",
            "network_interface": [
              {
                "id": "/subscriptions/2b9d2cdc-6f68-466a-abc2-9652d5c6dfd6/resourceGroups/ctoa-azureml-poc/providers/Microsoft.Network/networkInterfaces/funcjymsg6kt-blob-pe.nic.cde514c0-2ae0-4689-bff9-86f9c74dd9a2",
                "name": "funcjymsg6kt-blob-pe.nic.cde514c0-2ae0-4689-bff9-86f9c74dd9a2"
              }
            ],
            "private_dns_zone_configs": [],
            "private_dns_zone_group": [],
            "private_service_connection": [
              {
                "is_manual_connection": false,
                "name": "storage-blob-connection",
                "private_connection_resource_alias": "",
                "private_connection_resource_id": "/subscriptions/2b9d2cdc-6f68-466a-abc2-9652d5c6dfd6/resourceGroups/ctoa-azureml-poc/providers/Microsoft.Storage/storageAccounts/funcjymsg6kt",
                "private_ip_address": "10.200.1.4",
                "request_message": "",
                "subresource_names": [
                  "blob"
                ]
              }
            ],
            "resource_group_name": "ctoa-azureml-poc",
            "subnet_id": "/subscriptions/2b9d2cdc-6f68-466a-abc2-9652d5c6dfd6/resourceGroups/ctoa-azureml-poc/providers/Microsoft.Network/virtualNetworks/ctoa-azureml-poc-workspace-vnet/subnets/stoarge_subnet",
            "tags": {
              "environment": "production",
              "managed_by": "terraform",
              "project": "jfrog-azureml-integration"
            },
            "timeouts": null
          },
          "sensitive_attributes": [],
          "identity_schema_version": 0,
          "identity": {
            "name": "funcjymsg6kt-blob-pe",
            "resource_group_name": "ctoa-azureml-poc",
            "subscription_id": "2b9d2cdc-6f68-466a-abc2-9652d5c6dfd6"
          },
          "private": "eyJlMmJmYjczMC1lY2FhLTExZTYtOGY4OC0zNDM2M2JjN2M0YzAiOnsiY3JlYXRlIjozNjAwMDAwMDAwMDAwLCJkZWxldGUiOjM2MDAwMDAwMDAwMDAsInJlYWQiOjMwMDAwMDAwMDAwMCwidXBkYXRlIjozNjAwMDAwMDAwMDAwfX0=",
          "dependencies": [
            "azurerm_storage_account.function_storage",
            "azurerm_subnet.storage_private_endpoint",
            "azurerm_virtual_network.vnet",
            "data.azurerm_resource_group.rg",
            "data.azurerm_subnet.storage_private_endpoint",
            "data.azurerm_virtual_network.existing",
            "random_string.storage_suffix"
          ]
        }
      ]
    },
    {
      "mode": "managed",
      "type": "azurerm_role_assignment",
      "name": "function_kv_secrets_officer",
      "provider": "provider[\"registry.terraform.io/hashicorp/azurerm\"]",
      "instances": [
        {
          "schema_version": 0,
          "attributes": {
            "condition": "",
            "condition_version": "",
            "delegated_managed_identity_resource_id": "",
            "description": "",
            "id": "/subscriptions/2b9d2cdc-6f68-466a-abc2-9652d5c6dfd6/resourceGroups/ctoa-azureml-poc/providers/Microsoft.KeyVault/vaults/ctoaazuremlpoc5615636730/providers/Microsoft.Authorization/roleAssignments/7d8167cf-7bb0-14b5-c6e2-ccff96dd20fe",
            "name": "7d8167cf-7bb0-14b5-c6e2-ccff96dd20fe",
            "principal_id": "5e1e0320-d988-4dc1-8596-6246d1a87d3c",
            "principal_type": "ServicePrincipal",
            "role_definition_id": "/subscriptions/2b9d2cdc-6f68-466a-abc2-9652d5c6dfd6/providers/Microsoft.Authorization/roleDefinitions/b86a8fe4-44ce-4948-aee5-eccb2c155cd7",
            "role_definition_name": "Key Vault Secrets Officer",
            "scope": "/subscriptions/2b9d2cdc-6f68-466a-abc2-9652d5c6dfd6/resourceGroups/ctoa-azureml-poc/providers/Microsoft.KeyVault/vaults/ctoaazuremlpoc5615636730",
            "skip_service_principal_aad_check": null,
            "timeouts": null
          },
          "sensitive_attributes": [],
          "identity_schema_version": 0,
          "private": "eyJlMmJmYjczMC1lY2FhLTExZTYtOGY4OC0zNDM2M2JjN2M0YzAiOnsiY3JlYXRlIjoxODAwMDAwMDAwMDAwLCJkZWxldGUiOjE4MDAwMDAwMDAwMDAsInJlYWQiOjMwMDAwMDAwMDAwMH19",
          "dependencies": [
            "azurerm_function_app_flex_consumption.function_app",
            "azurerm_service_plan.function_plan",
            "azurerm_storage_account.function_storage",
            "azurerm_storage_container.function_flex",
            "azurerm_subnet.function_app",
            "azurerm_user_assigned_identity.function_identity",
            "azurerm_virtual_network.vnet",
            "data.archive_file.function_zip",
            "data.azurerm_key_vault.kv",
            "data.azurerm_resource_group.rg",
            "data.azurerm_subnet.function_app",
            "data.azurerm_virtual_network.existing",
            "random_string.storage_suffix"
          ]
        }
      ]
    },
    {
      "mode": "managed",
      "type": "azurerm_role_assignment",
      "name": "user_identity_kv_secrets_officer",
      "provider": "provider[\"registry.terraform.io/hashicorp/azurerm\"]",
      "instances": [
        {
          "schema_version": 0,
          "attributes": {
            "condition": "",
            "condition_version": "",
            "delegated_managed_identity_resource_id": "",
            "description": "",
            "id": "/subscriptions/2b9d2cdc-6f68-466a-abc2-9652d5c6dfd6/resourceGroups/ctoa-azureml-poc/providers/Microsoft.KeyVault/vaults/ctoaazuremlpoc5615636730/providers/Microsoft.Authorization/roleAssignments/10f56873-002e-558d-6ce6-6d978771ed1c",
            "name": "10f56873-002e-558d-6ce6-6d978771ed1c",
            "principal_id": "c21b8a4d-dfa8-4b1e-8c46-62b001349ff4",
            "principal_type": "ServicePrincipal",
            "role_definition_id": "/subscriptions/2b9d2cdc-6f68-466a-abc2-9652d5c6dfd6/providers/Microsoft.Authorization/roleDefinitions/b86a8fe4-44ce-4948-aee5-eccb2c155cd7",
            "role_definition_name": "Key Vault Secrets Officer",
            "scope": "/subscriptions/2b9d2cdc-6f68-466a-abc2-9652d5c6dfd6/resourceGroups/ctoa-azureml-poc/providers/Microsoft.KeyVault/vaults/ctoaazuremlpoc5615636730",
            "skip_service_principal_aad_check": null,
            "timeouts": null
          },
          "sensitive_attributes": [],
          "identity_schema_version": 0,
          "private": "eyJlMmJmYjczMC1lY2FhLTExZTYtOGY4OC0zNDM2M2JjN2M0YzAiOnsiY3JlYXRlIjoxODAwMDAwMDAwMDAwLCJkZWxldGUiOjE4MDAwMDAwMDAwMDAsInJlYWQiOjMwMDAwMDAwMDAwMH19",
          "dependencies": [
            "azurerm_user_assigned_identity.function_identity",
            "data.azurerm_key_vault.kv",
            "data.azurerm_resource_group.rg"
          ]
        }
      ]
    },
    {
      "mode": "managed",
      "type": "azurerm_service_plan",
      "name": "function_plan",
      "provider": "provider[\"registry.terraform.io/hashicorp/azurerm\"]",
      "instances": [
        {
          "schema_version": 1,
          "attributes": {
            "app_service_environment_id": "",
            "id": "/subscriptions/2b9d2cdc-6f68-466a-abc2-9652d5c6dfd6/resourceGroups/ctoa-azureml-poc/providers/Microsoft.Web/serverFarms/ctoa-azure-token-rotation-flex-plan",
            "kind": "functionapp",
            "location": "swedencentral",
            "maximum_elastic_worker_count": 1,
            "name": "ctoa-azure-token-rotation-flex-plan",
            "os_type": "Linux",
            "per_site_scaling_enabled": false,
            "premium_plan_auto_scale_enabled": false,
            "reserved": true,
            "resource_group_name": "ctoa-azureml-poc",
            "sku_name": "FC1",
            "tags": {
              "environment": "production",
              "managed_by": "terraform",
              "project": "jfrog-azureml-integration"
            },
            "timeouts": null,
            "worker_count": 0,
            "zone_balancing_enabled": false
          },
          "sensitive_attributes": [],
          "identity_schema_version": 0,
          "identity": {
            "name": "ctoa-azure-token-rotation-flex-plan",
            "resource_group_name": "ctoa-azureml-poc",
            "subscription_id": "2b9d2cdc-6f68-466a-abc2-9652d5c6dfd6"
          },
          "private": "eyJlMmJmYjczMC1lY2FhLTExZTYtOGY4OC0zNDM2M2JjN2M0YzAiOnsiY3JlYXRlIjozNjAwMDAwMDAwMDAwLCJkZWxldGUiOjM2MDAwMDAwMDAwMDAsInJlYWQiOjMwMDAwMDAwMDAwMCwidXBkYXRlIjozNjAwMDAwMDAwMDAwfSwic2NoZW1hX3ZlcnNpb24iOiIxIn0=",
          "dependencies": [
            "data.azurerm_resource_group.rg"
          ],
          "create_before_destroy": true
        },
        {
          "deposed": "4c89b864",
          "schema_version": 1,
          "attributes": {
            "app_service_environment_id": "",
            "id": "/subscriptions/2b9d2cdc-6f68-466a-abc2-9652d5c6dfd6/resourceGroups/ctoa-azureml-poc/providers/Microsoft.Web/serverFarms/ctoa-azure-token-rotation-plan",
            "kind": "functionapp",
            "location": "swedencentral",
            "maximum_elastic_worker_count": 1,
            "name": "ctoa-azure-token-rotation-plan",
            "os_type": "Linux",
            "per_site_scaling_enabled": false,
            "premium_plan_auto_scale_enabled": false,
            "reserved": true,
            "resource_group_name": "ctoa-azureml-poc",
            "sku_name": "Y1",
            "tags": {
              "environment": "production",
              "managed_by": "terraform",
              "project": "jfrog-azureml-integration"
            },
            "timeouts": null,
            "worker_count": 0,
            "zone_balancing_enabled": false
          },
          "sensitive_attributes": [],
          "identity_schema_version": 0,
          "identity": {
            "name": "ctoa-azure-token-rotation-plan",
            "resource_group_name": "ctoa-azureml-poc",
            "subscription_id": "2b9d2cdc-6f68-466a-abc2-9652d5c6dfd6"
          },
          "private": "eyJlMmJmYjczMC1lY2FhLTExZTYtOGY4OC0zNDM2M2JjN2M0YzAiOnsiY3JlYXRlIjozNjAwMDAwMDAwMDAwLCJkZWxldGUiOjM2MDAwMDAwMDAwMDAsInJlYWQiOjMwMDAwMDAwMDAwMCwidXBkYXRlIjozNjAwMDAwMDAwMDAwfSwic2NoZW1hX3ZlcnNpb24iOiIxIn0=",
          "dependencies": [
            "data.azurerm_resource_group.rg"
          ],
          "create_before_destroy": true
        }
      ]
    },
    {
      "mode": "managed",
      "type": "azurerm_storage_account",
      "name": "function_storage",
      "provider": "provider[\"registry.terraform.io/hashicorp/azurerm\"]",
      "instances": [
        {
          "schema_version": 4,
          "attributes": {
            "access_tier": "Hot",
            "account_kind": "StorageV2",
            "account_replication_type": "LRS",
            "account_tier": "Standard",
            "allow_nested_items_to_be_public": true,
            "allowed_copy_scope": "",
            "azure_files_authentication": [],
            "blob_properties": [
              {
                "change_feed_enabled": false,
                "change_feed_retention_in_days": 0,
                "container_delete_retention_policy": [
                  {
                    "days": 30
                  }
                ],
                "cors_rule": [],
                "default_service_version": "",
                "delete_retention_policy": [
                  {
                    "days": 30,
                    "permanent_delete_enabled": false
                  }
                ],
                "last_access_time_enabled": false,
                "restore_policy": [],
                "versioning_enabled": false
              }
            ],
            "cross_tenant_replication_enabled": false,
            "custom_domain": [],
            "customer_managed_key": [],
            "default_to_oauth_authentication": false,
            "dns_endpoint_type": "Standard",
            "edge_zone": "",
            "https_traffic_only_enabled": true,
            "id": "/subscriptions/2b9d2cdc-6f68-466a-abc2-9652d5c6dfd6/resourceGroups/ctoa-azureml-poc/providers/Microsoft.Storage/storageAccounts/funcjymsg6kt",
            "identity": [],
            "immutability_policy": [],
            "infrastructure_encryption_enabled": false,
            "is_hns_enabled": false,
            "large_file_share_enabled": false,
            "local_user_enabled": true,
            "location": "swedencentral",
            "min_tls_version": "TLS1_2",
            "name": "funcjymsg6kt",
            "network_rules": [
              {
                "bypass": [
                  "AzureServices"
                ],
                "default_action": "Deny",
                "ip_rules": [],
                "private_link_access": [],
                "virtual_network_subnet_ids": [
                  "/subscriptions/2b9d2cdc-6f68-466a-abc2-9652d5c6dfd6/resourceGroups/ctoa-azureml-poc/providers/Microsoft.Network/virtualNetworks/ctoa-azureml-poc-workspace-vnet/subnets/default"
                ]
              }
            ],
            "nfsv3_enabled": false,
            "primary_access_key": "DhW0vFqdvLi9l02f/DJZC68HDCzrjc3FeoquTx2m8DCPT5c+Ps6OL/Fg70BS+Qxtlxf9YDSNH0ff+AStBtZAog==",
            "primary_blob_connection_string": "DefaultEndpointsProtocol=https;BlobEndpoint=https://funcjymsg6kt.blob.core.windows.net/;AccountName=funcjymsg6kt;AccountKey=DhW0vFqdvLi9l02f/DJZC68HDCzrjc3FeoquTx2m8DCPT5c+Ps6OL/Fg70BS+Qxtlxf9YDSNH0ff+AStBtZAog==",
            "primary_blob_endpoint": "https://funcjymsg6kt.blob.core.windows.net/",
            "primary_blob_host": "funcjymsg6kt.blob.core.windows.net",
            "primary_blob_internet_endpoint": "",
            "primary_blob_internet_host": "",
            "primary_blob_microsoft_endpoint": "",
            "primary_blob_microsoft_host": "",
            "primary_connection_string": "DefaultEndpointsProtocol=https;AccountName=funcjymsg6kt;AccountKey=DhW0vFqdvLi9l02f/DJZC68HDCzrjc3FeoquTx2m8DCPT5c+Ps6OL/Fg70BS+Qxtlxf9YDSNH0ff+AStBtZAog==;EndpointSuffix=core.windows.net",
            "primary_dfs_endpoint": "https://funcjymsg6kt.dfs.core.windows.net/",
            "primary_dfs_host": "funcjymsg6kt.dfs.core.windows.net",
            "primary_dfs_internet_endpoint": "",
            "primary_dfs_internet_host": "",
            "primary_dfs_microsoft_endpoint": "",
            "primary_dfs_microsoft_host": "",
            "primary_file_endpoint": "https://funcjymsg6kt.file.core.windows.net/",
            "primary_file_host": "funcjymsg6kt.file.core.windows.net",
            "primary_file_internet_endpoint": "",
            "primary_file_internet_host": "",
            "primary_file_microsoft_endpoint": "",
            "primary_file_microsoft_host": "",
            "primary_location": "swedencentral",
            "primary_queue_endpoint": "https://funcjymsg6kt.queue.core.windows.net/",
            "primary_queue_host": "funcjymsg6kt.queue.core.windows.net",
            "primary_queue_microsoft_endpoint": "",
            "primary_queue_microsoft_host": "",
            "primary_table_endpoint": "https://funcjymsg6kt.table.core.windows.net/",
            "primary_table_host": "funcjymsg6kt.table.core.windows.net",
            "primary_table_microsoft_endpoint": "",
            "primary_table_microsoft_host": "",
            "primary_web_endpoint": "https://funcjymsg6kt.z1.web.core.windows.net/",
            "primary_web_host": "funcjymsg6kt.z1.web.core.windows.net",
            "primary_web_internet_endpoint": "",
            "primary_web_internet_host": "",
            "primary_web_microsoft_endpoint": "",
            "primary_web_microsoft_host": "",
            "provisioned_billing_model_version": "",
            "public_network_access_enabled": true,
            "queue_encryption_key_type": "Service",
            "queue_properties": [
              {
                "cors_rule": [],
                "hour_metrics": [
                  {
                    "enabled": false,
                    "include_apis": false,
                    "retention_policy_days": 0,
                    "version": "1.0"
                  }
                ],
                "logging": [
                  {
                    "delete": false,
                    "read": false,
                    "retention_policy_days": 0,
                    "version": "1.0",
                    "write": false
                  }
                ],
                "minute_metrics": [
                  {
                    "enabled": false,
                    "include_apis": false,
                    "retention_policy_days": 0,
                    "version": "1.0"
                  }
                ]
              }
            ],
            "resource_group_name": "ctoa-azureml-poc",
            "routing": [],
            "sas_policy": [],
            "secondary_access_key": "niYzVB58RGEZhgL8ARWIp2wH4+aoCaMSna0+GxCWYpKl9J5oiEz0uB/ltcZk7raXxVh2VHvvZBaw+ASt6Fo+0g==",
            "secondary_blob_connection_string": "",
            "secondary_blob_endpoint": "",
            "secondary_blob_host": "",
            "secondary_blob_internet_endpoint": "",
            "secondary_blob_internet_host": "",
            "secondary_blob_microsoft_endpoint": "",
            "secondary_blob_microsoft_host": "",
            "secondary_connection_string": "DefaultEndpointsProtocol=https;AccountName=funcjymsg6kt;AccountKey=niYzVB58RGEZhgL8ARWIp2wH4+aoCaMSna0+GxCWYpKl9J5oiEz0uB/ltcZk7raXxVh2VHvvZBaw+ASt6Fo+0g==;EndpointSuffix=core.windows.net",
            "secondary_dfs_endpoint": "",
            "secondary_dfs_host": "",
            "secondary_dfs_internet_endpoint": "",
            "secondary_dfs_internet_host": "",
            "secondary_dfs_microsoft_endpoint": "",
            "secondary_dfs_microsoft_host": "",
            "secondary_file_endpoint": "",
            "secondary_file_host": "",
            "secondary_file_internet_endpoint": "",
            "secondary_file_internet_host": "",
            "secondary_file_microsoft_endpoint": "",
            "secondary_file_microsoft_host": "",
            "secondary_location": "",
            "secondary_queue_endpoint": "",
            "secondary_queue_host": "",
            "secondary_queue_microsoft_endpoint": "",
            "secondary_queue_microsoft_host": "",
            "secondary_table_endpoint": "",
            "secondary_table_host": "",
            "secondary_table_microsoft_endpoint": "",
            "secondary_table_microsoft_host": "",
            "secondary_web_endpoint": "",
            "secondary_web_host": "",
            "secondary_web_internet_endpoint": "",
            "secondary_web_internet_host": "",
            "secondary_web_microsoft_endpoint": "",
            "secondary_web_microsoft_host": "",
            "sftp_enabled": false,
            "share_properties": [
              {
                "cors_rule": [],
                "retention_policy": [
                  {
                    "days": 7
                  }
                ],
                "smb": []
              }
            ],
            "shared_access_key_enabled": true,
            "static_website": [],
            "table_encryption_key_type": "Service",
            "tags": {
              "environment": "production",
              "managed_by": "terraform",
              "project": "jfrog-azureml-integration"
            },
            "timeouts": null
          },
          "sensitive_attributes": [
            [
              {
                "type": "get_attr",
                "value": "primary_access_key"
              }
            ],
            [
              {
                "type": "get_attr",
                "value": "primary_blob_connection_string"
              }
            ],
            [
              {
                "type": "get_attr",
                "value": "primary_connection_string"
              }
            ],
            [
              {
                "type": "get_attr",
                "value": "secondary_access_key"
              }
            ],
            [
              {
                "type": "get_attr",
                "value": "secondary_blob_connection_string"
              }
            ],
            [
              {
                "type": "get_attr",
                "value": "secondary_connection_string"
              }
            ]
          ],
          "identity_schema_version": 0,
          "identity": {
            "name": "funcjymsg6kt",
            "resource_group_name": "ctoa-azureml-poc",
            "subscription_id": "2b9d2cdc-6f68-466a-abc2-9652d5c6dfd6"
          },
          "private": "eyJlMmJmYjczMC1lY2FhLTExZTYtOGY4OC0zNDM2M2JjN2M0YzAiOnsiY3JlYXRlIjozNjAwMDAwMDAwMDAwLCJkZWxldGUiOjM2MDAwMDAwMDAwMDAsInJlYWQiOjMwMDAwMDAwMDAwMCwidXBkYXRlIjozNjAwMDAwMDAwMDAwfSwic2NoZW1hX3ZlcnNpb24iOiI0In0=",
          "dependencies": [
            "data.azurerm_resource_group.rg",
            "random_string.storage_suffix"
          ]
        }
      ]
    },
    {
      "mode": "managed",
      "type": "azurerm_storage_account_network_rules",
      "name": "function_storage_rules",
      "provider": "provider[\"registry.terraform.io/hashicorp/azurerm\"]",
      "instances": [
        {
          "schema_version": 0,
          "attributes": {
            "bypass": [
              "AzureServices"
            ],
            "default_action": "Deny",
            "id": "/subscriptions/2b9d2cdc-6f68-466a-abc2-9652d5c6dfd6/resourceGroups/ctoa-azureml-poc/providers/Microsoft.Storage/storageAccounts/funcjymsg6kt",
            "ip_rules": [],
            "private_link_access": [],
            "storage_account_id": "/subscriptions/2b9d2cdc-6f68-466a-abc2-9652d5c6dfd6/resourceGroups/ctoa-azureml-poc/providers/Microsoft.Storage/storageAccounts/funcjymsg6kt",
            "timeouts": null,
            "virtual_network_subnet_ids": [
              "/subscriptions/2b9d2cdc-6f68-466a-abc2-9652d5c6dfd6/resourceGroups/ctoa-azureml-poc/providers/Microsoft.Network/virtualNetworks/ctoa-azureml-poc-workspace-vnet/subnets/default"
            ]
          },
          "sensitive_attributes": [],
          "identity_schema_version": 0,
          "identity": {
            "resource_group_name": "ctoa-azureml-poc",
            "storage_account_name": "funcjymsg6kt",
            "subscription_id": "2b9d2cdc-6f68-466a-abc2-9652d5c6dfd6"
          },
          "private": "eyJlMmJmYjczMC1lY2FhLTExZTYtOGY4OC0zNDM2M2JjN2M0YzAiOnsiY3JlYXRlIjozNjAwMDAwMDAwMDAwLCJkZWxldGUiOjM2MDAwMDAwMDAwMDAsInJlYWQiOjMwMDAwMDAwMDAwMCwidXBkYXRlIjozNjAwMDAwMDAwMDAwfX0=",
          "dependencies": [
            "azurerm_function_app_flex_consumption.function_app",
            "azurerm_service_plan.function_plan",
            "azurerm_storage_account.function_storage",
            "azurerm_storage_container.function_flex",
            "azurerm_subnet.function_app",
            "azurerm_user_assigned_identity.function_identity",
            "azurerm_virtual_network.vnet",
            "data.archive_file.function_zip",
            "data.azurerm_resource_group.rg",
            "data.azurerm_subnet.function_app",
            "data.azurerm_virtual_network.existing",
            "random_string.storage_suffix"
          ]
        }
      ]
    },
    {
      "mode": "managed",
      "type": "azurerm_storage_container",
      "name": "function_flex",
      "provider": "provider[\"registry.terraform.io/hashicorp/azurerm\"]",
      "instances": [
        {
          "schema_version": 1,
          "attributes": {
            "container_access_type": "private",
            "default_encryption_scope": "$account-encryption-key",
            "encryption_scope_override_enabled": true,
            "has_immutability_policy": false,
            "has_legal_hold": false,
            "id": "/subscriptions/2b9d2cdc-6f68-466a-abc2-9652d5c6dfd6/resourceGroups/ctoa-azureml-poc/providers/Microsoft.Storage/storageAccounts/funcjymsg6kt/blobServices/default/containers/function-app-flex",
            "metadata": {},
            "name": "function-app-flex",
            "resource_manager_id": "/subscriptions/2b9d2cdc-6f68-466a-abc2-9652d5c6dfd6/resourceGroups/ctoa-azureml-poc/providers/Microsoft.Storage/storageAccounts/funcjymsg6kt/blobServices/default/containers/function-app-flex",
            "storage_account_id": "/subscriptions/2b9d2cdc-6f68-466a-abc2-9652d5c6dfd6/resourceGroups/ctoa-azureml-poc/providers/Microsoft.Storage/storageAccounts/funcjymsg6kt",
            "storage_account_name": "",
            "timeouts": null
          },
          "sensitive_attributes": [],
          "identity_schema_version": 0,
          "private": "eyJlMmJmYjczMC1lY2FhLTExZTYtOGY4OC0zNDM2M2JjN2M0YzAiOnsiY3JlYXRlIjoxODAwMDAwMDAwMDAwLCJkZWxldGUiOjE4MDAwMDAwMDAwMDAsInJlYWQiOjMwMDAwMDAwMDAwMCwidXBkYXRlIjoxODAwMDAwMDAwMDAwfSwic2NoZW1hX3ZlcnNpb24iOiIxIn0=",
          "dependencies": [
            "azurerm_storage_account.function_storage",
            "data.azurerm_resource_group.rg",
            "random_string.storage_suffix"
          ]
        }
      ]
    },
    {
      "mode": "managed",
      "type": "azurerm_subnet",
      "name": "function_app",
      "provider": "provider[\"registry.terraform.io/hashicorp/azurerm\"]",
      "instances": []
    },
    {
      "mode": "managed",
      "type": "azurerm_subnet",
      "name": "storage_private_endpoint",
      "provider": "provider[\"registry.terraform.io/hashicorp/azurerm\"]",
      "instances": []
    },
    {
      "mode": "managed",
      "type": "azurerm_user_assigned_identity",
      "name": "function_identity",
      "provider": "provider[\"registry.terraform.io/hashicorp/azurerm\"]",
      "instances": [
        {
          "schema_version": 1,
          "attributes": {
            "client_id": "ccd9ab41-c1d5-4d3d-a4dc-ca04fa6e72c6",
            "id": "/subscriptions/2b9d2cdc-6f68-466a-abc2-9652d5c6dfd6/resourceGroups/ctoa-azureml-poc/providers/Microsoft.ManagedIdentity/userAssignedIdentities/ctoa-function-poc-managed-identity",
            "isolation_scope": "",
            "location": "swedencentral",
            "name": "ctoa-function-poc-managed-identity",
            "principal_id": "c21b8a4d-dfa8-4b1e-8c46-62b001349ff4",
            "resource_group_name": "ctoa-azureml-poc",
            "tags": {
              "environment": "production",
              "managed_by": "terraform",
              "project": "jfrog-azureml-integration"
            },
            "tenant_id": "ae9dab70-80b0-4974-bcea-ac683eda516f",
            "timeouts": null
          },
          "sensitive_attributes": [],
          "identity_schema_version": 0,
          "private": "eyJlMmJmYjczMC1lY2FhLTExZTYtOGY4OC0zNDM2M2JjN2M0YzAiOnsiY3JlYXRlIjoxODAwMDAwMDAwMDAwLCJkZWxldGUiOjE4MDAwMDAwMDAwMDAsInJlYWQiOjMwMDAwMDAwMDAwMCwidXBkYXRlIjoxODAwMDAwMDAwMDAwfSwic2NoZW1hX3ZlcnNpb24iOiIxIn0=",
          "dependencies": [
            "data.azurerm_resource_group.rg"
          ]
        }
      ]
    },
    {
      "mode": "managed",
      "type": "azurerm_virtual_network",
      "name": "vnet",
      "provider": "provider[\"registry.terraform.io/hashicorp/azurerm\"]",
      "instances": []
    },
    {
      "mode": "managed",
      "type": "random_string",
      "name": "storage_suffix",
      "provider": "provider[\"registry.terraform.io/hashicorp/random\"]",
      "instances": [
        {
          "schema_version": 2,
          "attributes": {
            "id": "jymsg6kt",
            "keepers": null,
            "length": 8,
            "lower": true,
            "min_lower": 0,
            "min_numeric": 0,
            "min_special": 0,
            "min_upper": 0,
            "number": true,
            "numeric": true,
            "override_special": null,
            "result": "jymsg6kt",
            "special": false,
            "upper": false
          },
          "sensitive_attributes": [],
          "identity_schema_version": 0
        }
      ]
    }
  ],
  "check_results": null
}
